
Microsoft Visual Studio Solution File, Format Version 12.00
# Visual Studio Version 17
VisualStudioVersion = 17.14.36109.1 d17.14
MinimumVisualStudioVersion = 10.0.40219.1
Project("{FAE04EC0-301F-11D3-BF4B-00C04F79EFBC}") = "LibraryAPI", "LibraryAPI\LibraryAPI.csproj", "{D5F7C6AE-3F60-47FE-899F-1A530B0482C7}"
EndProject
Global
	GlobalSection(SolutionConfigurationPlatforms) = preSolution
		Debug|Any CPU = Debug|Any CPU
		Release|Any CPU = Release|Any CPU
	EndGlobalSection
	GlobalSection(ProjectConfigurationPlatforms) = postSolution
		{D5F7C6AE-3F60-47FE-899F-1A530B0482C7}.Debug|Any CPU.ActiveCfg = Debug|Any CPU
		{D5F7C6AE-3F60-47FE-899F-1A530B0482C7}.Debug|Any CPU.Build.0 = Debug|Any CPU
		{D5F7C6AE-3F60-47FE-899F-1A530B0482C7}.Release|Any CPU.ActiveCfg = Release|Any CPU
		{D5F7C6AE-3F60-47FE-899F-1A530B0482C7}.Release|Any CPU.Build.0 = Release|Any CPU
	EndGlobalSection
	GlobalSection(SolutionProperties) = preSolution
		HideSolutionNode = FALSE
	EndGlobalSection
	GlobalSection(ExtensibilityGlobals) = postSolution
		SolutionGuid = {7C2AB55F-F287-4ECE-B6B7-D09F0BCDBC13}
	EndGlobalSection
EndGlobal
